
Microsoft Visual Studio Solution File, Format Version 12.00
# Visual Studio Version 18
VisualStudioVersion = 18.2.11415.280 d18.0
MinimumVisualStudioVersion = 10.0.40219.1
Project("{FAE04EC0-301F-11D3-BF4B-00C04F79EFBC}") = "Multiferroics", "Multiferroics.csproj", "{46BC83B8-6D8D-4BE9-86C8-EB38FB62E4CC}"
EndProject
Global
	GlobalSection(SolutionConfigurationPlatforms) = preSolution
		Debug|Any CPU = Debug|Any CPU
		Debug|ARM64 = Debug|ARM64
		Release|Any CPU = Release|Any CPU
		Release|ARM64 = Release|ARM64
	EndGlobalSection
	GlobalSection(ProjectConfigurationPlatforms) = postSolution
		{46BC83B8-6D8D-4BE9-86C8-EB38FB62E4CC}.Debug|Any CPU.ActiveCfg = Debug|Any CPU
		{46BC83B8-6D8D-4BE9-86C8-EB38FB62E4CC}.Debug|Any CPU.Build.0 = Debug|Any CPU
		{46BC83B8-6D8D-4BE9-86C8-EB38FB62E4CC}.Debug|ARM64.ActiveCfg = Debug|Any CPU
		{46BC83B8-6D8D-4BE9-86C8-EB38FB62E4CC}.Debug|ARM64.Build.0 = Debug|Any CPU
		{46BC83B8-6D8D-4BE9-86C8-EB38FB62E4CC}.Release|Any CPU.ActiveCfg = Release|Any CPU
		{46BC83B8-6D8D-4BE9-86C8-EB38FB62E4CC}.Release|Any CPU.Build.0 = Release|Any CPU
		{46BC83B8-6D8D-4BE9-86C8-EB38FB62E4CC}.Release|ARM64.ActiveCfg = Release|ARM64
		{46BC83B8-6D8D-4BE9-86C8-EB38FB62E4CC}.Release|ARM64.Build.0 = Release|ARM64
	EndGlobalSection
	GlobalSection(SolutionProperties) = preSolution
		HideSolutionNode = FALSE
	EndGlobalSection
	GlobalSection(ExtensibilityGlobals) = postSolution
		SolutionGuid = {D6F965B9-ADCA-43DD-99E7-3553875CF335}
	EndGlobalSection
EndGlobal
